
Microsoft Visual Studio Solution File, Format Version 12.00
# Visual Studio Version 16
VisualStudioVersion = 16.0.31321.278
MinimumVisualStudioVersion = 10.0.40219.1
Project("{FAE04EC0-301F-11D3-BF4B-00C04F79EFBC}") = "FilesThreads", "FilesThreads\FilesThreads.csproj", "{5E91DDFB-714E-4039-BE9A-B9FF7E6B5E8B}"
EndProject
Global
	GlobalSection(SolutionConfigurationPlatforms) = preSolution
		Debug|Any CPU = Debug|Any CPU
		Release|Any CPU = Release|Any CPU
	EndGlobalSection
	GlobalSection(ProjectConfigurationPlatforms) = postSolution
		{5E91DDFB-714E-4039-BE9A-B9FF7E6B5E8B}.Debug|Any CPU.ActiveCfg = Debug|Any CPU
		{5E91DDFB-714E-4039-BE9A-B9FF7E6B5E8B}.Debug|Any CPU.Build.0 = Debug|Any CPU
		{5E91DDFB-714E-4039-BE9A-B9FF7E6B5E8B}.Release|Any CPU.ActiveCfg = Release|Any CPU
		{5E91DDFB-714E-4039-BE9A-B9FF7E6B5E8B}.Release|Any CPU.Build.0 = Release|Any CPU
	EndGlobalSection
	GlobalSection(SolutionProperties) = preSolution
		HideSolutionNode = FALSE
	EndGlobalSection
	GlobalSection(ExtensibilityGlobals) = postSolution
		SolutionGuid = {8E519015-6B0B-44C1-9623-C74F63EC94EA}
	EndGlobalSection
EndGlobal
